# This file is automatically @generated by Poetry 1.5.1 and should not be changed by hand.

[[package]]
name = "async-timeout"
version = "4.0.2"
description = "Timeout context manager for asyncio programs"
optional = false
python-versions = ">=3.6"
files = [
    {file = "async-timeout-4.0.2.tar.gz", hash = "sha256:2163e1640ddb52b7a8c80d0a67a08587e5d245cc9c553a74a847056bc2976b15"},
    {file = "async_timeout-4.0.2-py3-none-any.whl", hash = "sha256:8ca1e4fcf50d07413d66d1a5e416e42cfdf5851c981d679a09851a6853383b3c"},
]

[[package]]
name = "backoff"
version = "2.2.1"
description = "Function decoration for backoff and retry"
optional = false
python-versions = ">=3.7,<4.0"
files = [
    {file = "backoff-2.2.1-py3-none-any.whl", hash = "sha256:63579f9a0628e06278f7e47b7d7d5b6ce20dc65c5e96a6f3ca99a6adca0396e8"},
    {file = "backoff-2.2.1.tar.gz", hash = "sha256:03f829f5bb1923180821643f8753b0502c3b682293992485b0eef2807afa5cba"},
]

[[package]]
name = "certifi"
version = "2023.7.22"
description = "Python package for providing Mozilla's CA Bundle."
optional = false
python-versions = ">=3.6"
files = [
    {file = "certifi-2023.7.22-py3-none-any.whl", hash = "sha256:92d6037539857d8206b8f6ae472e8b77db8058fec5937a1ef3f54304089edbb9"},
    {file = "certifi-2023.7.22.tar.gz", hash = "sha256:539cc1d13202e33ca466e88b2807e29f4c13049d6d87031a3c110744495cb082"},
]

[[package]]
name = "charset-normalizer"
version = "3.1.0"
description = "The Real First Universal Charset Detector. Open, modern and actively maintained alternative to Chardet."
optional = false
python-versions = ">=3.7.0"
files = [
    {file = "charset-normalizer-3.1.0.tar.gz", hash = "sha256:34e0a2f9c370eb95597aae63bf85eb5e96826d81e3dcf88b8886012906f509b5"},
    {file = "charset_normalizer-3.1.0-cp310-cp310-macosx_10_9_universal2.whl", hash = "sha256:e0ac8959c929593fee38da1c2b64ee9778733cdf03c482c9ff1d508b6b593b2b"},
    {file = "charset_normalizer-3.1.0-cp310-cp310-macosx_10_9_x86_64.whl", hash = "sha256:d7fc3fca01da18fbabe4625d64bb612b533533ed10045a2ac3dd194bfa656b60"},
    {file = "charset_normalizer-3.1.0-cp310-cp310-macosx_11_0_arm64.whl", hash = "sha256:04eefcee095f58eaabe6dc3cc2262f3bcd776d2c67005880894f447b3f2cb9c1"},
    {file = "charset_normalizer-3.1.0-cp310-cp310-manylinux_2_17_aarch64.manylinux2014_aarch64.whl", hash = "sha256:20064ead0717cf9a73a6d1e779b23d149b53daf971169289ed2ed43a71e8d3b0"},
    {file = "charset_normalizer-3.1.0-cp310-cp310-manylinux_2_17_ppc64le.manylinux2014_ppc64le.whl", hash = "sha256:1435ae15108b1cb6fffbcea2af3d468683b7afed0169ad718451f8db5d1aff6f"},
    {file = "charset_normalizer-3.1.0-cp310-cp310-manylinux_2_17_s390x.manylinux2014_s390x.whl", hash = "sha256:c84132a54c750fda57729d1e2599bb598f5fa0344085dbde5003ba429a4798c0"},
    {file = "charset_normalizer-3.1.0-cp310-cp310-manylinux_2_17_x86_64.manylinux2014_x86_64.whl", hash = "sha256:75f2568b4189dda1c567339b48cba4ac7384accb9c2a7ed655cd86b04055c795"},
    {file = "charset_normalizer-3.1.0-cp310-cp310-manylinux_2_5_i686.manylinux1_i686.manylinux_2_17_i686.manylinux2014_i686.whl", hash = "sha256:11d3bcb7be35e7b1bba2c23beedac81ee893ac9871d0ba79effc7fc01167db6c"},
    {file = "charset_normalizer-3.1.0-cp310-cp310-musllinux_1_1_aarch64.whl", hash = "sha256:891cf9b48776b5c61c700b55a598621fdb7b1e301a550365571e9624f270c203"},
    {file = "charset_normalizer-3.1.0-cp310-cp310-musllinux_1_1_i686.whl", hash = "sha256:5f008525e02908b20e04707a4f704cd286d94718f48bb33edddc7d7b584dddc1"},
    {file = "charset_normalizer-3.1.0-cp310-cp310-musllinux_1_1_ppc64le.whl", hash = "sha256:b06f0d3bf045158d2fb8837c5785fe9ff9b8c93358be64461a1089f5da983137"},
    {file = "charset_normalizer-3.1.0-cp310-cp310-musllinux_1_1_s390x.whl", hash = "sha256:49919f8400b5e49e961f320c735388ee686a62327e773fa5b3ce6721f7e785ce"},
    {file = "charset_normalizer-3.1.0-cp310-cp310-musllinux_1_1_x86_64.whl", hash = "sha256:22908891a380d50738e1f978667536f6c6b526a2064156203d418f4856d6e86a"},
    {file = "charset_normalizer-3.1.0-cp310-cp310-win32.whl", hash = "sha256:12d1a39aa6b8c6f6248bb54550efcc1c38ce0d8096a146638fd4738e42284448"},
    {file = "charset_normalizer-3.1.0-cp310-cp310-win_amd64.whl", hash = "sha256:65ed923f84a6844de5fd29726b888e58c62820e0769b76565480e1fdc3d062f8"},
    {file = "charset_normalizer-3.1.0-cp311-cp311-macosx_10_9_universal2.whl", hash = "sha256:9a3267620866c9d17b959a84dd0bd2d45719b817245e49371ead79ed4f710d19"},
    {file = "charset_normalizer-3.1.0-cp311-cp311-macosx_10_9_x86_64.whl", hash = "sha256:6734e606355834f13445b6adc38b53c0fd45f1a56a9ba06c2058f86893ae8017"},
    {file = "charset_normalizer-3.1.0-cp311-cp311-macosx_11_0_arm64.whl", hash = "sha256:f8303414c7b03f794347ad062c0516cee0e15f7a612abd0ce1e25caf6ceb47df"},
    {file = "charset_normalizer-3.1.0-cp311-cp311-manylinux_2_17_aarch64.manylinux2014_aarch64.whl", hash = "sha256:aaf53a6cebad0eae578f062c7d462155eada9c172bd8c4d250b8c1d8eb7f916a"},
    {file = "charset_normalizer-3.1.0-cp311-cp311-manylinux_2_17_ppc64le.manylinux2014_ppc64le.whl", hash = "sha256:3dc5b6a8ecfdc5748a7e429782598e4f17ef378e3e272eeb1340ea57c9109f41"},
    {file = "charset_normalizer-3.1.0-cp311-cp311-manylinux_2_17_s390x.manylinux2014_s390x.whl", hash = "sha256:e1b25e3ad6c909f398df8921780d6a3d120d8c09466720226fc621605b6f92b1"},
    {file = "charset_normalizer-3.1.0-cp311-cp311-manylinux_2_17_x86_64.manylinux2014_x86_64.whl", hash = "sha256:0ca564606d2caafb0abe6d1b5311c2649e8071eb241b2d64e75a0d0065107e62"},
    {file = "charset_normalizer-3.1.0-cp311-cp311-manylinux_2_5_i686.manylinux1_i686.manylinux_2_17_i686.manylinux2014_i686.whl", hash = "sha256:b82fab78e0b1329e183a65260581de4375f619167478dddab510c6c6fb04d9b6"},
    {file = "charset_normalizer-3.1.0-cp311-cp311-musllinux_1_1_aarch64.whl", hash = "sha256:bd7163182133c0c7701b25e604cf1611c0d87712e56e88e7ee5d72deab3e76b5"},
    {file = "charset_normalizer-3.1.0-cp311-cp311-musllinux_1_1_i686.whl", hash = "sha256:11d117e6c63e8f495412d37e7dc2e2fff09c34b2d09dbe2bee3c6229577818be"},
    {file = "charset_normalizer-3.1.0-cp311-cp311-musllinux_1_1_ppc64le.whl", hash = "sha256:cf6511efa4801b9b38dc5546d7547d5b5c6ef4b081c60b23e4d941d0eba9cbeb"},
    {file = "charset_normalizer-3.1.0-cp311-cp311-musllinux_1_1_s390x.whl", hash = "sha256:abc1185d79f47c0a7aaf7e2412a0eb2c03b724581139193d2d82b3ad8cbb00ac"},
    {file = "charset_normalizer-3.1.0-cp311-cp311-musllinux_1_1_x86_64.whl", hash = "sha256:cb7b2ab0188829593b9de646545175547a70d9a6e2b63bf2cd87a0a391599324"},
    {file = "charset_normalizer-3.1.0-cp311-cp311-win32.whl", hash = "sha256:c36bcbc0d5174a80d6cccf43a0ecaca44e81d25be4b7f90f0ed7bcfbb5a00909"},
    {file = "charset_normalizer-3.1.0-cp311-cp311-win_amd64.whl", hash = "sha256:cca4def576f47a09a943666b8f829606bcb17e2bc2d5911a46c8f8da45f56755"},
    {file = "charset_normalizer-3.1.0-cp37-cp37m-macosx_10_9_x86_64.whl", hash = "sha256:0c95f12b74681e9ae127728f7e5409cbbef9cd914d5896ef238cc779b8152373"},
    {file = "charset_normalizer-3.1.0-cp37-cp37m-manylinux_2_17_aarch64.manylinux2014_aarch64.whl", hash = "sha256:fca62a8301b605b954ad2e9c3666f9d97f63872aa4efcae5492baca2056b74ab"},
    {file = "charset_normalizer-3.1.0-cp37-cp37m-manylinux_2_17_ppc64le.manylinux2014_ppc64le.whl", hash = "sha256:ac0aa6cd53ab9a31d397f8303f92c42f534693528fafbdb997c82bae6e477ad9"},
    {file = "charset_normalizer-3.1.0-cp37-cp37m-manylinux_2_17_s390x.manylinux2014_s390x.whl", hash = "sha256:c3af8e0f07399d3176b179f2e2634c3ce9c1301379a6b8c9c9aeecd481da494f"},
    {file = "charset_normalizer-3.1.0-cp37-cp37m-manylinux_2_17_x86_64.manylinux2014_x86_64.whl", hash = "sha256:3a5fc78f9e3f501a1614a98f7c54d3969f3ad9bba8ba3d9b438c3bc5d047dd28"},
    {file = "charset_normalizer-3.1.0-cp37-cp37m-manylinux_2_5_i686.manylinux1_i686.manylinux_2_17_i686.manylinux2014_i686.whl", hash = "sha256:628c985afb2c7d27a4800bfb609e03985aaecb42f955049957814e0491d4006d"},
    {file = "charset_normalizer-3.1.0-cp37-cp37m-musllinux_1_1_aarch64.whl", hash = "sha256:74db0052d985cf37fa111828d0dd230776ac99c740e1a758ad99094be4f1803d"},
    {file = "charset_normalizer-3.1.0-cp37-cp37m-musllinux_1_1_i686.whl", hash = "sha256:1e8fcdd8f672a1c4fc8d0bd3a2b576b152d2a349782d1eb0f6b8e52e9954731d"},
    {file = "charset_normalizer-3.1.0-cp37-cp37m-musllinux_1_1_ppc64le.whl", hash = "sha256:04afa6387e2b282cf78ff3dbce20f0cc071c12dc8f685bd40960cc68644cfea6"},
    {file = "charset_normalizer-3.1.0-cp37-cp37m-musllinux_1_1_s390x.whl", hash = "sha256:dd5653e67b149503c68c4018bf07e42eeed6b4e956b24c00ccdf93ac79cdff84"},
    {file = "charset_normalizer-3.1.0-cp37-cp37m-musllinux_1_1_x86_64.whl", hash = "sha256:d2686f91611f9e17f4548dbf050e75b079bbc2a82be565832bc8ea9047b61c8c"},
    {file = "charset_normalizer-3.1.0-cp37-cp37m-win32.whl", hash = "sha256:4155b51ae05ed47199dc5b2a4e62abccb274cee6b01da5b895099b61b1982974"},
    {file = "charset_normalizer-3.1.0-cp37-cp37m-win_amd64.whl", hash = "sha256:322102cdf1ab682ecc7d9b1c5eed4ec59657a65e1c146a0da342b78f4112db23"},
    {file = "charset_normalizer-3.1.0-cp38-cp38-macosx_10_9_universal2.whl", hash = "sha256:e633940f28c1e913615fd624fcdd72fdba807bf53ea6925d6a588e84e1151531"},
    {file = "charset_normalizer-3.1.0-cp38-cp38-macosx_10_9_x86_64.whl", hash = "sha256:3a06f32c9634a8705f4ca9946d667609f52cf130d5548881401f1eb2c39b1e2c"},
    {file = "charset_normalizer-3.1.0-cp38-cp38-macosx_11_0_arm64.whl", hash = "sha256:7381c66e0561c5757ffe616af869b916c8b4e42b367ab29fedc98481d1e74e14"},
    {file = "charset_normalizer-3.1.0-cp38-cp38-manylinux_2_17_aarch64.manylinux2014_aarch64.whl", hash = "sha256:3573d376454d956553c356df45bb824262c397c6e26ce43e8203c4c540ee0acb"},
    {file = "charset_normalizer-3.1.0-cp38-cp38-manylinux_2_17_ppc64le.manylinux2014_ppc64le.whl", hash = "sha256:e89df2958e5159b811af9ff0f92614dabf4ff617c03a4c1c6ff53bf1c399e0e1"},
    {file = "charset_normalizer-3.1.0-cp38-cp38-manylinux_2_17_s390x.manylinux2014_s390x.whl", hash = "sha256:78cacd03e79d009d95635e7d6ff12c21eb89b894c354bd2b2ed0b4763373693b"},
    {file = "charset_normalizer-3.1.0-cp38-cp38-manylinux_2_17_x86_64.manylinux2014_x86_64.whl", hash = "sha256:de5695a6f1d8340b12a5d6d4484290ee74d61e467c39ff03b39e30df62cf83a0"},
    {file = "charset_normalizer-3.1.0-cp38-cp38-manylinux_2_5_i686.manylinux1_i686.manylinux_2_17_i686.manylinux2014_i686.whl", hash = "sha256:1c60b9c202d00052183c9be85e5eaf18a4ada0a47d188a83c8f5c5b23252f649"},
    {file = "charset_normalizer-3.1.0-cp38-cp38-musllinux_1_1_aarch64.whl", hash = "sha256:f645caaf0008bacf349875a974220f1f1da349c5dbe7c4ec93048cdc785a3326"},
    {file = "charset_normalizer-3.1.0-cp38-cp38-musllinux_1_1_i686.whl", hash = "sha256:ea9f9c6034ea2d93d9147818f17c2a0860d41b71c38b9ce4d55f21b6f9165a11"},
    {file = "charset_normalizer-3.1.0-cp38-cp38-musllinux_1_1_ppc64le.whl", hash = "sha256:80d1543d58bd3d6c271b66abf454d437a438dff01c3e62fdbcd68f2a11310d4b"},
    {file = "charset_normalizer-3.1.0-cp38-cp38-musllinux_1_1_s390x.whl", hash = "sha256:73dc03a6a7e30b7edc5b01b601e53e7fc924b04e1835e8e407c12c037e81adbd"},
    {file = "charset_normalizer-3.1.0-cp38-cp38-musllinux_1_1_x86_64.whl", hash = "sha256:6f5c2e7bc8a4bf7c426599765b1bd33217ec84023033672c1e9a8b35eaeaaaf8"},
    {file = "charset_normalizer-3.1.0-cp38-cp38-win32.whl", hash = "sha256:12a2b561af122e3d94cdb97fe6fb2bb2b82cef0cdca131646fdb940a1eda04f0"},
    {file = "charset_normalizer-3.1.0-cp38-cp38-win_amd64.whl", hash = "sha256:3160a0fd9754aab7d47f95a6b63ab355388d890163eb03b2d2b87ab0a30cfa59"},
    {file = "charset_normalizer-3.1.0-cp39-cp39-macosx_10_9_universal2.whl", hash = "sha256:38e812a197bf8e71a59fe55b757a84c1f946d0ac114acafaafaf21667a7e169e"},
    {file = "charset_normalizer-3.1.0-cp39-cp39-macosx_10_9_x86_64.whl", hash = "sha256:6baf0baf0d5d265fa7944feb9f7451cc316bfe30e8df1a61b1bb08577c554f31"},
    {file = "charset_normalizer-3.1.0-cp39-cp39-macosx_11_0_arm64.whl", hash = "sha256:8f25e17ab3039b05f762b0a55ae0b3632b2e073d9c8fc88e89aca31a6198e88f"},
    {file = "charset_normalizer-3.1.0-cp39-cp39-manylinux_2_17_aarch64.manylinux2014_aarch64.whl", hash = "sha256:3747443b6a904001473370d7810aa19c3a180ccd52a7157aacc264a5ac79265e"},
    {file = "charset_normalizer-3.1.0-cp39-cp39-manylinux_2_17_ppc64le.manylinux2014_ppc64le.whl", hash = "sha256:b116502087ce8a6b7a5f1814568ccbd0e9f6cfd99948aa59b0e241dc57cf739f"},
    {file = "charset_normalizer-3.1.0-cp39-cp39-manylinux_2_17_s390x.manylinux2014_s390x.whl", hash = "sha256:d16fd5252f883eb074ca55cb622bc0bee49b979ae4e8639fff6ca3ff44f9f854"},
    {file = "charset_normalizer-3.1.0-cp39-cp39-manylinux_2_17_x86_64.manylinux2014_x86_64.whl", hash = "sha256:21fa558996782fc226b529fdd2ed7866c2c6ec91cee82735c98a197fae39f706"},
    {file = "charset_normalizer-3.1.0-cp39-cp39-manylinux_2_5_i686.manylinux1_i686.manylinux_2_17_i686.manylinux2014_i686.whl", hash = "sha256:6f6c7a8a57e9405cad7485f4c9d3172ae486cfef1344b5ddd8e5239582d7355e"},
    {file = "charset_normalizer-3.1.0-cp39-cp39-musllinux_1_1_aarch64.whl", hash = "sha256:ac3775e3311661d4adace3697a52ac0bab17edd166087d493b52d4f4f553f9f0"},
    {file = "charset_normalizer-3.1.0-cp39-cp39-musllinux_1_1_i686.whl", hash = "sha256:10c93628d7497c81686e8e5e557aafa78f230cd9e77dd0c40032ef90c18f2230"},
    {file = "charset_normalizer-3.1.0-cp39-cp39-musllinux_1_1_ppc64le.whl", hash = "sha256:6f4f4668e1831850ebcc2fd0b1cd11721947b6dc7c00bf1c6bd3c929ae14f2c7"},
    {file = "charset_normalizer-3.1.0-cp39-cp39-musllinux_1_1_s390x.whl", hash = "sha256:0be65ccf618c1e7ac9b849c315cc2e8a8751d9cfdaa43027d4f6624bd587ab7e"},
    {file = "charset_normalizer-3.1.0-cp39-cp39-musllinux_1_1_x86_64.whl", hash = "sha256:53d0a3fa5f8af98a1e261de6a3943ca631c526635eb5817a87a59d9a57ebf48f"},
    {file = "charset_normalizer-3.1.0-cp39-cp39-win32.whl", hash = "sha256:a04f86f41a8916fe45ac5024ec477f41f886b3c435da2d4e3d2709b22ab02af1"},
    {file = "charset_normalizer-3.1.0-cp39-cp39-win_amd64.whl", hash = "sha256:830d2948a5ec37c386d3170c483063798d7879037492540f10a475e3fd6f244b"},
    {file = "charset_normalizer-3.1.0-py3-none-any.whl", hash = "sha256:3d9098b479e78c85080c98e1e35ff40b4a31d8953102bb0fd7d1b6f8a2111a3d"},
]

[[package]]
name = "idna"
version = "3.4"
description = "Internationalized Domain Names in Applications (IDNA)"
optional = false
python-versions = ">=3.5"
files = [
    {file = "idna-3.4-py3-none-any.whl", hash = "sha256:90b77e79eaa3eba6de819a0c442c0b4ceefc341a7a2ab77d7562bf49f425c5c2"},
    {file = "idna-3.4.tar.gz", hash = "sha256:814f528e8dead7d329833b91c5faa87d60bf71824cd12a7530b5526063d02cb4"},
]

[[package]]
name = "pytomlpp"
version = "1.0.13"
description = "A python wrapper for toml++"
optional = false
python-versions = "*"
files = [
    {file = "pytomlpp-1.0.13-cp310-cp310-macosx_10_9_universal2.whl", hash = "sha256:131644b5c32a0b32667875883251fa01a6a852e0386e5db8d0f70ddf44bebe3b"},
    {file = "pytomlpp-1.0.13-cp310-cp310-macosx_10_9_x86_64.whl", hash = "sha256:23d7ac98b01965e17c604bc86c77f751e4f91055c68397a724e7a05cd91c04fd"},
    {file = "pytomlpp-1.0.13-cp310-cp310-macosx_11_0_arm64.whl", hash = "sha256:98ae1451dcabb3449df8a097014b2d5cdaeb8961f16cced83462dfb704b61d12"},
    {file = "pytomlpp-1.0.13-cp310-cp310-manylinux_2_17_i686.manylinux2014_i686.whl", hash = "sha256:cc31231a57b45499c68b7c6c7c7d176874c1b4d3c236e3e4ecfc005642496815"},
    {file = "pytomlpp-1.0.13-cp310-cp310-manylinux_2_17_x86_64.manylinux2014_x86_64.whl", hash = "sha256:68d1743e03806e67a0b5daefb8f548609ffeec4ab94d91092440325c9e22bc77"},
    {file = "pytomlpp-1.0.13-cp310-cp310-musllinux_1_1_i686.whl", hash = "sha256:5b9a8b2179271abc54c0879cccc880b50918409765074c9ee25d45545f60b2a8"},
    {file = "pytomlpp-1.0.13-cp310-cp310-musllinux_1_1_x86_64.whl", hash = "sha256:4d325590d276104e4030c7907dd559148566347e840cb1c3874671ea09491789"},
    {file = "pytomlpp-1.0.13-cp310-cp310-win_amd64.whl", hash = "sha256:fab6e69a754d3be5d8580753feac56fa70d2f4f9388f1d7a30c719ceca2d3ff2"},
    {file = "pytomlpp-1.0.13-cp311-cp311-macosx_10_9_universal2.whl", hash = "sha256:47684714f9ed1a880e66b2e183789519a9ad7b55f2da9e30b65090a42342ef83"},
    {file = "pytomlpp-1.0.13-cp311-cp311-macosx_10_9_x86_64.whl", hash = "sha256:4d7c0e8a1e21249df4e60f07a728129f33899b7548ff391343b244e1222296b1"},
    {file = "pytomlpp-1.0.13-cp311-cp311-macosx_11_0_arm64.whl", hash = "sha256:aa016e89a76c3ed58ea7a1eb2cb795ee1b1aa2831bb47c724ae787cb03dcf790"},
    {file = "pytomlpp-1.0.13-cp311-cp311-manylinux_2_17_i686.manylinux2014_i686.whl", hash = "sha256:d4549130097ca8b7aada5f6e8440db3dbc36f0f3df24231b3521297a5e3cecf1"},
    {file = "pytomlpp-1.0.13-cp311-cp311-manylinux_2_17_x86_64.manylinux2014_x86_64.whl", hash = "sha256:7d2e7be5ddf349fbcfdd1cfcee630c4ad33031411a9dded93a96d186f2086038"},
    {file = "pytomlpp-1.0.13-cp311-cp311-musllinux_1_1_i686.whl", hash = "sha256:3398853a6ab98ccb5e722b9d2f1ac127ea2a82d267dcff8ff7dc98a472f70ad0"},
    {file = "pytomlpp-1.0.13-cp311-cp311-musllinux_1_1_x86_64.whl", hash = "sha256:b606dea8b05d2f5915a4d6f88e7772eb4772ed8a65c113b15bff5754982f48df"},
    {file = "pytomlpp-1.0.13-cp311-cp311-win_amd64.whl", hash = "sha256:1843cd3816e25453bfcac5468106f9f39e766bda198bd69d41e09184a6062497"},
    {file = "pytomlpp-1.0.13-cp36-cp36m-macosx_10_9_x86_64.whl", hash = "sha256:adfbfb981bcfe31cec4443b2410ae65cea6ec37b13396f7a0a66ffffd418a075"},
    {file = "pytomlpp-1.0.13-cp36-cp36m-manylinux_2_17_i686.manylinux2014_i686.whl", hash = "sha256:87256e701a6237a178739323394e5abfe3bf5fa5eb0188d8710839412556b56e"},
    {file = "pytomlpp-1.0.13-cp36-cp36m-manylinux_2_17_x86_64.manylinux2014_x86_64.whl", hash = "sha256:a2752caeb649c04dcdfe78dd43d63b9c03db01d41f4e97af133f214cf6ee5f09"},
    {file = "pytomlpp-1.0.13-cp36-cp36m-musllinux_1_1_i686.whl", hash = "sha256:988288644025dc20a997a5caa8d6d283ad94bdbc30415a965a12b82bc77026c1"},
    {file = "pytomlpp-1.0.13-cp36-cp36m-musllinux_1_1_x86_64.whl", hash = "sha256:807f8cfff2195b68fbefe8122561be6ced51009f5c95c422f781bae5d7d90fc4"},
    {file = "pytomlpp-1.0.13-cp36-cp36m-win_amd64.whl", hash = "sha256:7443a2dce8f48c0801c1f5b3ea78acbae30fb263480570f8b68b198620041afa"},
    {file = "pytomlpp-1.0.13-cp37-cp37m-macosx_10_9_x86_64.whl", hash = "sha256:c155e2b72844dd11ca0fdfc3bfb44bc41770ba34803b67621e41496f67b70453"},
    {file = "pytomlpp-1.0.13-cp37-cp37m-manylinux_2_17_i686.manylinux2014_i686.whl", hash = "sha256:ffae01816f10fa29e0cd30bd8709573de5ba1ec57dd5901ab6e2f8c7c199ed7a"},
    {file = "pytomlpp-1.0.13-cp37-cp37m-manylinux_2_17_x86_64.manylinux2014_x86_64.whl", hash = "sha256:e030b4440cc65937ae9701448615ba445ea2c1ff20fa630c149e368e06f9b082"},
    {file = "pytomlpp-1.0.13-cp37-cp37m-musllinux_1_1_i686.whl", hash = "sha256:2e2a94463207608d1cba0c36ea4f882e0b409e28590e2dbc48961dea59f170c0"},
    {file = "pytomlpp-1.0.13-cp37-cp37m-musllinux_1_1_x86_64.whl", hash = "sha256:70b43d955fb53ca9186dafc95fa24ea783870a226bf875b833c25dd5865ed526"},
    {file = "pytomlpp-1.0.13-cp37-cp37m-win_amd64.whl", hash = "sha256:7832307f4bc0518f78f0afc615cb8135400522be8676eff47ece5dfbca240115"},
    {file = "pytomlpp-1.0.13-cp38-cp38-macosx_10_9_universal2.whl", hash = "sha256:d50395394963529940703638b422b19d84c5a003a7eb0106ad7c7347ad6f20c0"},
    {file = "pytomlpp-1.0.13-cp38-cp38-macosx_10_9_x86_64.whl", hash = "sha256:73062c46d315e1f3cdf631fb8761e0981dda0df346723ca50355c4311167fbfa"},
    {file = "pytomlpp-1.0.13-cp38-cp38-macosx_11_0_arm64.whl", hash = "sha256:2fe54bcd5911b33410a7a7e9cad66d016b056b331cfdf9e5e9d8b404339b1003"},
    {file = "pytomlpp-1.0.13-cp38-cp38-manylinux_2_17_i686.manylinux2014_i686.whl", hash = "sha256:88facf9533603b8e2a502f4485641dcb3121d20ccff78f1167b38efc1c7eb9a4"},
    {file = "pytomlpp-1.0.13-cp38-cp38-manylinux_2_17_x86_64.manylinux2014_x86_64.whl", hash = "sha256:ce78fab1987ff48d42e4f4759d765dbf183824a56862f35f500ce0cfc974b5ef"},
    {file = "pytomlpp-1.0.13-cp38-cp38-musllinux_1_1_i686.whl", hash = "sha256:0cf58c70c6cf97d8f98f1931c168b5a2b4c894e5bfd46bd574f0ea0668e8d2b2"},
    {file = "pytomlpp-1.0.13-cp38-cp38-musllinux_1_1_x86_64.whl", hash = "sha256:b95933988d11d6b54beb1dbf5d13b7afb4f60c2d014dfaaa5c7df44393e23537"},
    {file = "pytomlpp-1.0.13-cp38-cp38-win_amd64.whl", hash = "sha256:a43b2be6182d56914e9cf8aea25cd756b6c7415395ed223b7fc270582a0a4fd2"},
    {file = "pytomlpp-1.0.13-cp39-cp39-macosx_10_9_universal2.whl", hash = "sha256:2fea0318339407d0a9a097d63e9c020cc1bdb0b2de90b5ba6cfb3eabfdbbdfd1"},
    {file = "pytomlpp-1.0.13-cp39-cp39-macosx_10_9_x86_64.whl", hash = "sha256:98510ef5b92f8f7c5e42280948301f542f0086c39bf879f140e111a987f521aa"},
    {file = "pytomlpp-1.0.13-cp39-cp39-macosx_11_0_arm64.whl", hash = "sha256:8287ded4f27d9f54d017e996480e95ebcf9b2fd8381d4bc755f39fc0b2f70629"},
    {file = "pytomlpp-1.0.13-cp39-cp39-manylinux_2_17_i686.manylinux2014_i686.whl", hash = "sha256:f931803e4f48df82ac86ddc075a16635d57018bbac779e0258c896544f5e8ec6"},
    {file = "pytomlpp-1.0.13-cp39-cp39-manylinux_2_17_x86_64.manylinux2014_x86_64.whl", hash = "sha256:20a1f6584814f7c9db63f1f590868788aff86201e2b49e89f76772346b79606a"},
    {file = "pytomlpp-1.0.13-cp39-cp39-musllinux_1_1_i686.whl", hash = "sha256:abbca560310f4bc1f0dea15e77042da03d2a9437ffc239fd949fdcb4302bd85b"},
    {file = "pytomlpp-1.0.13-cp39-cp39-musllinux_1_1_x86_64.whl", hash = "sha256:62150ce6f7a47a135ba4375a8075eb321d1064ea2295f59fd92d5d148b7093f0"},
    {file = "pytomlpp-1.0.13-cp39-cp39-win_amd64.whl", hash = "sha256:b5e89ea80cd25732a2789d67075b72d64133fdf13490aa058abfe9e4964880e4"},
    {file = "pytomlpp-1.0.13-pp37-pypy37_pp73-macosx_10_9_x86_64.whl", hash = "sha256:4710c72456c10a90e58084174312abef8f9652b0f91c240c008903c1bd99814d"},
    {file = "pytomlpp-1.0.13-pp37-pypy37_pp73-manylinux_2_17_i686.manylinux2014_i686.whl", hash = "sha256:b59acc12339a992404289ab7294f28ba06c7df3c2562e81d316a0e744ab4103b"},
    {file = "pytomlpp-1.0.13-pp37-pypy37_pp73-manylinux_2_17_x86_64.manylinux2014_x86_64.whl", hash = "sha256:252e31a5e013a74b898784f4ffb8aa8068e136b910ad11f2af1ee8a5700e6e1e"},
    {file = "pytomlpp-1.0.13-pp37-pypy37_pp73-win_amd64.whl", hash = "sha256:09e716c0f462d15f2334cecc736957777dd30f8a5bfa5cf8150679da7577d2fd"},
    {file = "pytomlpp-1.0.13-pp38-pypy38_pp73-macosx_10_9_x86_64.whl", hash = "sha256:19dbded2995370e802105fa6dce54ed60f79e58b4eb35fee7ef33f1fb5958f6c"},
    {file = "pytomlpp-1.0.13-pp38-pypy38_pp73-manylinux_2_17_i686.manylinux2014_i686.whl", hash = "sha256:9f87f6c958309e4c2358b778902c80bd33611d1c392f1abe2c226e3a62909ca4"},
    {file = "pytomlpp-1.0.13-pp38-pypy38_pp73-manylinux_2_17_x86_64.manylinux2014_x86_64.whl", hash = "sha256:e285aca948b419301fdda1927723287ef28482752782c44c9ee8c57eae7a1dc8"},
    {file = "pytomlpp-1.0.13-pp38-pypy38_pp73-win_amd64.whl", hash = "sha256:aad6ae19c056ea62a43fec82427ad4675b5c773dc255c4bdcf6da659cd7edff6"},
    {file = "pytomlpp-1.0.13-pp39-pypy39_pp73-macosx_10_9_x86_64.whl", hash = "sha256:0e0b34b7a132856567714342e9a622f7be0b4c9bac561a6252f0f85626c1aa4b"},
    {file = "pytomlpp-1.0.13-pp39-pypy39_pp73-manylinux_2_17_i686.manylinux2014_i686.whl", hash = "sha256:ac06ca7683f5a2737b3888ea1e38d6968abb24fab703bc7ceccbe589d5420e0c"},
    {file = "pytomlpp-1.0.13-pp39-pypy39_pp73-manylinux_2_17_x86_64.manylinux2014_x86_64.whl", hash = "sha256:35225c1d9d674df87b4682f04af97856049351c38822455b78258248d9309363"},
    {file = "pytomlpp-1.0.13-pp39-pypy39_pp73-win_amd64.whl", hash = "sha256:dbc9208ac58ea2a9d5ebb77e69d54d146744007f4a704a3f4e56d9881d41ee1c"},
    {file = "pytomlpp-1.0.13.tar.gz", hash = "sha256:a0bd639a8f624d1bdf5b3ea94363ca23dbfef38ab7b5b9348881a84afab434ad"},
]

[[package]]
name = "redis"
version = "4.5.4"
description = "Python client for Redis database and key-value store"
optional = false
python-versions = ">=3.7"
files = [
    {file = "redis-4.5.4-py3-none-any.whl", hash = "sha256:2c19e6767c474f2e85167909061d525ed65bea9301c0770bb151e041b7ac89a2"},
    {file = "redis-4.5.4.tar.gz", hash = "sha256:73ec35da4da267d6847e47f68730fdd5f62e2ca69e3ef5885c6a78a9374c3893"},
]

[package.dependencies]
async-timeout = {version = ">=4.0.2", markers = "python_version <= \"3.11.2\""}

[package.extras]
hiredis = ["hiredis (>=1.0.0)"]
ocsp = ["cryptography (>=36.0.1)", "pyopenssl (==20.0.1)", "requests (>=2.26.0)"]

[[package]]
name = "requests"
version = "2.31.0"
description = "Python HTTP for Humans."
optional = false
python-versions = ">=3.7"
files = [
    {file = "requests-2.31.0-py3-none-any.whl", hash = "sha256:58cd2187c01e70e6e26505bca751777aa9f2ee0b7f4300988b709f44e013003f"},
    {file = "requests-2.31.0.tar.gz", hash = "sha256:942c5a758f98d790eaed1a29cb6eefc7ffb0d1cf7af05c3d2791656dbd6ad1e1"},
]

[package.dependencies]
certifi = ">=2017.4.17"
charset-normalizer = ">=2,<4"
idna = ">=2.5,<4"
urllib3 = ">=1.21.1,<3"

[package.extras]
socks = ["PySocks (>=1.5.6,!=1.5.7)"]
use-chardet-on-py3 = ["chardet (>=3.0.2,<6)"]

[[package]]
name = "urllib3"
version = "1.26.15"
description = "HTTP library with thread-safe connection pooling, file post, and more."
optional = false
python-versions = ">=2.7, !=3.0.*, !=3.1.*, !=3.2.*, !=3.3.*, !=3.4.*, !=3.5.*"
files = [
    {file = "urllib3-1.26.15-py2.py3-none-any.whl", hash = "sha256:aa751d169e23c7479ce47a0cb0da579e3ede798f994f5816a74e4f4500dcea42"},
    {file = "urllib3-1.26.15.tar.gz", hash = "sha256:8a388717b9476f934a21484e8c8e61875ab60644d29b9b39e11e4b9dc1c6b305"},
]

[package.extras]
brotli = ["brotli (>=1.0.9)", "brotlicffi (>=0.8.0)", "brotlipy (>=0.6.0)"]
secure = ["certifi", "cryptography (>=1.3.4)", "idna (>=2.0.0)", "ipaddress", "pyOpenSSL (>=0.14)", "urllib3-secure-extra"]
socks = ["PySocks (>=1.5.6,!=1.5.7,<2.0)"]

[metadata]
lock-version = "2.0"
python-versions = "^3.9"
content-hash = "4deb49d594b21b96149e38b0a1e3afa32df76b23e6a53d2b001a5d0314f1ef74"
