[[package]]
name = "async-timeout"
version = "4.0.2"
description = "Timeout context manager for asyncio programs"
category = "main"
optional = false
python-versions = ">=3.6"

[[package]]
name = "backoff"
version = "2.2.1"
description = "Function decoration for backoff and retry"
category = "main"
optional = false
python-versions = ">=3.7,<4.0"

[[package]]
name = "certifi"
version = "2022.9.24"
description = "Python package for providing Mozilla's CA Bundle."
category = "main"
optional = false
python-versions = ">=3.6"

[[package]]
name = "charset-normalizer"
version = "2.1.1"
description = "The Real First Universal Charset Detector. Open, modern and actively maintained alternative to Chardet."
category = "main"
optional = false
python-versions = ">=3.6.0"

[package.extras]
unicode_backport = ["unicodedata2"]

[[package]]
name = "deprecated"
version = "1.2.13"
description = "Python @deprecated decorator to deprecate old python classes, functions or methods."
category = "main"
optional = false
python-versions = ">=2.7, !=3.0.*, !=3.1.*, !=3.2.*, !=3.3.*"

[package.dependencies]
wrapt = ">=1.10,<2"

[package.extras]
dev = ["tox", "bump2version (<1)", "sphinx (<2)", "importlib-metadata (<3)", "importlib-resources (<4)", "configparser (<5)", "sphinxcontrib-websupport (<2)", "zipp (<2)", "PyTest (<5)", "PyTest-Cov (<2.6)", "pytest", "pytest-cov"]

[[package]]
name = "ed25519"
version = "1.5"
description = "Ed25519 public-key signatures"
category = "main"
optional = false
python-versions = "*"

[[package]]
name = "idna"
version = "3.4"
description = "Internationalized Domain Names in Applications (IDNA)"
category = "main"
optional = false
python-versions = ">=3.5"

[[package]]
name = "numpy"
version = "1.23.3"
description = "NumPy is the fundamental package for array computing with Python."
category = "main"
optional = false
python-versions = ">=3.8"

[[package]]
name = "packaging"
version = "21.3"
description = "Core utilities for Python packages"
category = "main"
optional = false
python-versions = ">=3.6"

[package.dependencies]
pyparsing = ">=2.0.2,<3.0.5 || >3.0.5"

[[package]]
name = "protobuf"
version = "3.20.1"
description = "Protocol Buffers"
category = "main"
optional = false
python-versions = ">=3.7"

[[package]]
name = "pyarrow"
version = "9.0.0"
description = "Python library for Apache Arrow"
category = "main"
optional = false
python-versions = ">=3.7"

[package.dependencies]
numpy = ">=1.16.6"

[[package]]
name = "pyparsing"
version = "3.0.9"
description = "pyparsing module - Classes and methods to define and execute parsing grammars"
category = "main"
optional = false
python-versions = ">=3.6.8"

[package.extras]
diagrams = ["railroad-diagrams", "jinja2"]

[[package]]
name = "pytomlpp"
version = "1.0.11"
description = "A python wrapper for toml++"
category = "main"
optional = false
python-versions = "*"

[[package]]
name = "rai-sdk"
version = "0.6.8"
description = "The RelationalAI Software Development Kit for Python"
category = "main"
optional = false
python-versions = "*"

[package.dependencies]
ed25519 = "1.5"
protobuf = "3.20.1"
pyarrow = ">=6.0.1"
requests-toolbelt = "0.9.1"

[[package]]
name = "redis"
version = "4.3.4"
description = "Python client for Redis database and key-value store"
category = "main"
optional = false
python-versions = ">=3.6"

[package.dependencies]
async-timeout = ">=4.0.2"
deprecated = ">=1.2.3"
packaging = ">=20.4"

[package.extras]
hiredis = ["hiredis (>=1.0.0)"]
ocsp = ["cryptography (>=36.0.1)", "pyopenssl (==20.0.1)", "requests (>=2.26.0)"]

[[package]]
name = "requests"
version = "2.28.1"
description = "Python HTTP for Humans."
category = "main"
optional = false
python-versions = ">=3.7, <4"

[package.dependencies]
certifi = ">=2017.4.17"
charset-normalizer = ">=2,<3"
idna = ">=2.5,<4"
urllib3 = ">=1.21.1,<1.27"

[package.extras]
socks = ["PySocks (>=1.5.6,!=1.5.7)"]
use_chardet_on_py3 = ["chardet (>=3.0.2,<6)"]

[[package]]
name = "requests-toolbelt"
version = "0.9.1"
description = "A utility belt for advanced users of python-requests"
category = "main"
optional = false
python-versions = "*"

[package.dependencies]
requests = ">=2.0.1,<3.0.0"

[[package]]
name = "tinydb"
version = "4.7.0"
description = "TinyDB is a tiny, document oriented database optimized for your happiness :)"
category = "main"
optional = false
python-versions = ">=3.6,<4.0"

[[package]]
name = "urllib3"
version = "1.26.12"
description = "HTTP library with thread-safe connection pooling, file post, and more."
category = "main"
optional = false
python-versions = ">=2.7, !=3.0.*, !=3.1.*, !=3.2.*, !=3.3.*, !=3.4.*, !=3.5.*, <4"

[package.extras]
brotli = ["brotlicffi (>=0.8.0)", "brotli (>=1.0.9)", "brotlipy (>=0.6.0)"]
secure = ["pyOpenSSL (>=0.14)", "cryptography (>=1.3.4)", "idna (>=2.0.0)", "certifi", "urllib3-secure-extra", "ipaddress"]
socks = ["PySocks (>=1.5.6,!=1.5.7,<2.0)"]

[[package]]
name = "wrapt"
version = "1.14.1"
description = "Module for decorators, wrappers and monkey patching."
category = "main"
optional = false
python-versions = "!=3.0.*,!=3.1.*,!=3.2.*,!=3.3.*,!=3.4.*,>=2.7"

[metadata]
lock-version = "1.1"
python-versions = "^3.9"
content-hash = "1b829934691291ad4dc1a2cfe014488ef9c3ca89e6bc201ede08e82873b185da"

[metadata.files]
async-timeout = [
    {file = "async-timeout-4.0.2.tar.gz", hash = "sha256:2163e1640ddb52b7a8c80d0a67a08587e5d245cc9c553a74a847056bc2976b15"},
    {file = "async_timeout-4.0.2-py3-none-any.whl", hash = "sha256:8ca1e4fcf50d07413d66d1a5e416e42cfdf5851c981d679a09851a6853383b3c"},
]
backoff = []
certifi = []
charset-normalizer = []
deprecated = [
    {file = "Deprecated-1.2.13-py2.py3-none-any.whl", hash = "sha256:64756e3e14c8c5eea9795d93c524551432a0be75629f8f29e67ab8caf076c76d"},
    {file = "Deprecated-1.2.13.tar.gz", hash = "sha256:43ac5335da90c31c24ba028af536a91d41d53f9e6901ddb021bcc572ce44e38d"},
]
ed25519 = [
    {file = "ed25519-1.5.tar.gz", hash = "sha256:02053ee019ceef0df97294be2d4d5a8fc120fc86e81e08bec1245fc0f9403358"},
]
idna = []
numpy = []
packaging = [
    {file = "packaging-21.3-py3-none-any.whl", hash = "sha256:ef103e05f519cdc783ae24ea4e2e0f508a9c99b2d4969652eed6a2e1ea5bd522"},
    {file = "packaging-21.3.tar.gz", hash = "sha256:dd47c42927d89ab911e606518907cc2d3a1f38bbd026385970643f9c5b8ecfeb"},
]
protobuf = []
pyarrow = []
pyparsing = [
    {file = "pyparsing-3.0.9-py3-none-any.whl", hash = "sha256:5026bae9a10eeaefb61dab2f09052b9f4307d44aee4eda64b309723d8d206bbc"},
    {file = "pyparsing-3.0.9.tar.gz", hash = "sha256:2b020ecf7d21b687f219b71ecad3631f644a47f01403fa1d1036b0c6416d70fb"},
]
pytomlpp = [
    {file = "pytomlpp-1.0.11-cp310-cp310-macosx_10_9_universal2.whl", hash = "sha256:450e0298fc879064ed5d0f4a4dd3b4419894ea609c49b711c0adcafdb1c55074"},
    {file = "pytomlpp-1.0.11-cp310-cp310-macosx_10_9_x86_64.whl", hash = "sha256:19664c06fb132daa5ba94107f6c205a4f3122495155788e16503d1ea4e49d79d"},
    {file = "pytomlpp-1.0.11-cp310-cp310-macosx_11_0_arm64.whl", hash = "sha256:c4ec6951158a0b51e8a7de79e0a5c29a2a73f7381bb35ce638b833e628a26e77"},
    {file = "pytomlpp-1.0.11-cp310-cp310-manylinux_2_12_i686.manylinux2010_i686.whl", hash = "sha256:9505450bf56bef8f751ebe22097e0edc0ccdb68aa8841bd5369dc347bbca5d0e"},
    {file = "pytomlpp-1.0.11-cp310-cp310-manylinux_2_12_x86_64.manylinux2010_x86_64.whl", hash = "sha256:e0f176edb38a22d078bddcc7cd3c34e38edfe1af9db82d2a08d9af474674423a"},
    {file = "pytomlpp-1.0.11-cp310-cp310-musllinux_1_1_i686.whl", hash = "sha256:86810e8f9df7b55e8e65325d809a738e1ad7f49637e275cb55d8ab42651eabf6"},
    {file = "pytomlpp-1.0.11-cp310-cp310-musllinux_1_1_x86_64.whl", hash = "sha256:e85e392fcd4b6c6682af937717305646e3d318b1c204beaa7f37297c71aa801c"},
    {file = "pytomlpp-1.0.11-cp310-cp310-win_amd64.whl", hash = "sha256:58c3dd9fe03a76cce4d8afb5fc21341773807e8cf81b201f013189c902474938"},
    {file = "pytomlpp-1.0.11-cp36-cp36m-macosx_10_9_x86_64.whl", hash = "sha256:a85ebedf272e7084dd16c14ea59243328e88a66fff43532987307a8771d240cd"},
    {file = "pytomlpp-1.0.11-cp36-cp36m-manylinux_2_12_i686.manylinux2010_i686.whl", hash = "sha256:01e6a27a8d77f39ce3eab2717107539b5cdd4b8caf524e58396b7066f38981b1"},
    {file = "pytomlpp-1.0.11-cp36-cp36m-manylinux_2_12_x86_64.manylinux2010_x86_64.whl", hash = "sha256:363b1b2469f6782dfb684f5f0c5b97e969b4822fe5c6d5619bc9d0c3ee3418dc"},
    {file = "pytomlpp-1.0.11-cp36-cp36m-musllinux_1_1_i686.whl", hash = "sha256:ac1d9b8fec0ee3efa4a6cfa21107e301f7a567cb2310d7c31c6fe3529f11e4e0"},
    {file = "pytomlpp-1.0.11-cp36-cp36m-musllinux_1_1_x86_64.whl", hash = "sha256:b73028948fa8ff81c4279592ae980370acd0b9d5cdbb871cefc644c58b2d0dd1"},
    {file = "pytomlpp-1.0.11-cp36-cp36m-win_amd64.whl", hash = "sha256:9ee0860c9fa1c1c382fec5624c99835c8cb6bbde174d1b94c9542f531fc7678d"},
    {file = "pytomlpp-1.0.11-cp37-cp37m-macosx_10_9_x86_64.whl", hash = "sha256:b29690c81c6ca42058031936add3e1b5c133beefbaf9efd0897ab50c6a15ad18"},
    {file = "pytomlpp-1.0.11-cp37-cp37m-manylinux_2_12_i686.manylinux2010_i686.whl", hash = "sha256:c807e00f495d8b6c3bcd253a5490f8b7888bb9d8d98057b70d7dee625cd608f7"},
    {file = "pytomlpp-1.0.11-cp37-cp37m-manylinux_2_12_x86_64.manylinux2010_x86_64.whl", hash = "sha256:4d9a43a375b816f6eaedd4e8d9921d8a4618c89970014dd993e17a3d61360a2d"},
    {file = "pytomlpp-1.0.11-cp37-cp37m-musllinux_1_1_i686.whl", hash = "sha256:1d1c9566102da161a541329b9000574b2f3e4ccda7807c0799e1466c29ddab97"},
    {file = "pytomlpp-1.0.11-cp37-cp37m-musllinux_1_1_x86_64.whl", hash = "sha256:adcd00554beca01a056234a3f3fb5415b2391fa1c4b6b710ccb8765a6ad79017"},
    {file = "pytomlpp-1.0.11-cp37-cp37m-win_amd64.whl", hash = "sha256:f0ea1aeba4bc1be0de2f25eb3fe6ea77315c5449f54a43c6af6ab36ac37a529d"},
    {file = "pytomlpp-1.0.11-cp38-cp38-macosx_10_9_universal2.whl", hash = "sha256:2f479327b4cd91d8ad9e0b8bcbc793d5b0dff38d4bea310bb4e33205ad60dfca"},
    {file = "pytomlpp-1.0.11-cp38-cp38-macosx_10_9_x86_64.whl", hash = "sha256:99b0efff21de3568e5df9e13781338143fbc672b246025d20359a5ffd6d8eb94"},
    {file = "pytomlpp-1.0.11-cp38-cp38-macosx_11_0_arm64.whl", hash = "sha256:8edf552d041dfc9fc21af458176e3d790d2e279128c0ac1b26d6237f78a605c1"},
    {file = "pytomlpp-1.0.11-cp38-cp38-manylinux_2_12_i686.manylinux2010_i686.whl", hash = "sha256:0f9ca56a7d2932cf06bf6468fb398e8d9b67a2eb5bdf3de199f0d3ab5993c053"},
    {file = "pytomlpp-1.0.11-cp38-cp38-manylinux_2_12_x86_64.manylinux2010_x86_64.whl", hash = "sha256:0ab3ec403080a902d56bc2ad29b8895f45c8c8ce132e773e14d5267e7ed1cd79"},
    {file = "pytomlpp-1.0.11-cp38-cp38-musllinux_1_1_i686.whl", hash = "sha256:a73d045c85b35ebc289830a475a1aa80572dbd656b1110d9a8d197d63cfd70f3"},
    {file = "pytomlpp-1.0.11-cp38-cp38-musllinux_1_1_x86_64.whl", hash = "sha256:7a7ba1069f98d3c9d2d867ebf8d0e5dcd381927e22854a0db2f5d410bc46819d"},
    {file = "pytomlpp-1.0.11-cp38-cp38-win_amd64.whl", hash = "sha256:27dd7d5299e064619ecfd1d5da6a97a3626bc9c0eb7a8c5fb0f405f2d37178a5"},
    {file = "pytomlpp-1.0.11-cp39-cp39-macosx_10_9_universal2.whl", hash = "sha256:6040e3d70957695ff5864477b8554a23b7306a854262276a996a88d09264e669"},
    {file = "pytomlpp-1.0.11-cp39-cp39-macosx_10_9_x86_64.whl", hash = "sha256:2fc2c806d41176fb456cde35d09f93539b8e12f2a25db82d0a7c9832b5d86c10"},
    {file = "pytomlpp-1.0.11-cp39-cp39-macosx_11_0_arm64.whl", hash = "sha256:6a41243cf07b2f489e3ffdd191a6bc4b30715463a7fd6cb09e5400976e2f6259"},
    {file = "pytomlpp-1.0.11-cp39-cp39-manylinux_2_12_i686.manylinux2010_i686.whl", hash = "sha256:160a29bf397a6f5dbd8ab0b985b3bcd8c6ec8ba29d4137cd2751cdcb6401409e"},
    {file = "pytomlpp-1.0.11-cp39-cp39-manylinux_2_12_x86_64.manylinux2010_x86_64.whl", hash = "sha256:02d7c0291bbec46576d9b86f61881021b2279224baa770b9a57b17888bba64e3"},
    {file = "pytomlpp-1.0.11-cp39-cp39-musllinux_1_1_i686.whl", hash = "sha256:a1db522368079a7a8e5525e249484f7fe087797f201b8b588573dbd05a0092df"},
    {file = "pytomlpp-1.0.11-cp39-cp39-musllinux_1_1_x86_64.whl", hash = "sha256:cd83a7f18df52175a0155052ea83d8cacdea972bce7c24fd950d41b3f62ee9fc"},
    {file = "pytomlpp-1.0.11-cp39-cp39-win_amd64.whl", hash = "sha256:592567be7c2261580673e977b17dafc262e977c7d24a6019438f1e2c0e4d7b70"},
    {file = "pytomlpp-1.0.11-pp37-pypy37_pp73-macosx_10_9_x86_64.whl", hash = "sha256:9420596fb5ba9fad4bdf3899767448be2bf9144263a4506b2d7956d1099bf85d"},
    {file = "pytomlpp-1.0.11-pp37-pypy37_pp73-manylinux_2_12_i686.manylinux2010_i686.whl", hash = "sha256:04cabd19fc746b8a04b278f1a1429de68eb3aa6a7cae0330d5c919e455eba7fd"},
    {file = "pytomlpp-1.0.11-pp37-pypy37_pp73-manylinux_2_12_x86_64.manylinux2010_x86_64.whl", hash = "sha256:acb66fe6c27c210f3519dda2e70928419388f1af8853102c579fa3079d9ff97c"},
    {file = "pytomlpp-1.0.11-pp37-pypy37_pp73-win_amd64.whl", hash = "sha256:1e583427ff49928e628d43940af31919f0d9e87138aaf1b506978d9d999d4551"},
    {file = "pytomlpp-1.0.11.tar.gz", hash = "sha256:90021866ee72c16475692ec8b0ecc69ec530d2b8ce27a63a4cc39c1907f4b37a"},
]
rai-sdk = []
redis = []
requests = []
requests-toolbelt = []
tinydb = [
    {file = "tinydb-4.7.0-py3-none-any.whl", hash = "sha256:e2cdf6e2dad49813e9b5fceb3c7943387309a8738125fbff0b58d248a033f7a9"},
    {file = "tinydb-4.7.0.tar.gz", hash = "sha256:357eb7383dee6915f17b00596ec6dd2a890f3117bf52be28a4c516aeee581100"},
]
urllib3 = []
wrapt = [
    {file = "wrapt-1.14.1-cp27-cp27m-macosx_10_9_x86_64.whl", hash = "sha256:1b376b3f4896e7930f1f772ac4b064ac12598d1c38d04907e696cc4d794b43d3"},
    {file = "wrapt-1.14.1-cp27-cp27m-manylinux1_i686.whl", hash = "sha256:903500616422a40a98a5a3c4ff4ed9d0066f3b4c951fa286018ecdf0750194ef"},
    {file = "wrapt-1.14.1-cp27-cp27m-manylinux1_x86_64.whl", hash = "sha256:5a9a0d155deafd9448baff28c08e150d9b24ff010e899311ddd63c45c2445e28"},
    {file = "wrapt-1.14.1-cp27-cp27m-manylinux2010_i686.whl", hash = "sha256:ddaea91abf8b0d13443f6dac52e89051a5063c7d014710dcb4d4abb2ff811a59"},
    {file = "wrapt-1.14.1-cp27-cp27m-manylinux2010_x86_64.whl", hash = "sha256:36f582d0c6bc99d5f39cd3ac2a9062e57f3cf606ade29a0a0d6b323462f4dd87"},
    {file = "wrapt-1.14.1-cp27-cp27mu-manylinux1_i686.whl", hash = "sha256:7ef58fb89674095bfc57c4069e95d7a31cfdc0939e2a579882ac7d55aadfd2a1"},
    {file = "wrapt-1.14.1-cp27-cp27mu-manylinux1_x86_64.whl", hash = "sha256:e2f83e18fe2f4c9e7db597e988f72712c0c3676d337d8b101f6758107c42425b"},
    {file = "wrapt-1.14.1-cp27-cp27mu-manylinux2010_i686.whl", hash = "sha256:ee2b1b1769f6707a8a445162ea16dddf74285c3964f605877a20e38545c3c462"},
    {file = "wrapt-1.14.1-cp27-cp27mu-manylinux2010_x86_64.whl", hash = "sha256:833b58d5d0b7e5b9832869f039203389ac7cbf01765639c7309fd50ef619e0b1"},
    {file = "wrapt-1.14.1-cp310-cp310-macosx_10_9_x86_64.whl", hash = "sha256:80bb5c256f1415f747011dc3604b59bc1f91c6e7150bd7db03b19170ee06b320"},
    {file = "wrapt-1.14.1-cp310-cp310-macosx_11_0_arm64.whl", hash = "sha256:07f7a7d0f388028b2df1d916e94bbb40624c59b48ecc6cbc232546706fac74c2"},
    {file = "wrapt-1.14.1-cp310-cp310-manylinux_2_17_aarch64.manylinux2014_aarch64.whl", hash = "sha256:02b41b633c6261feff8ddd8d11c711df6842aba629fdd3da10249a53211a72c4"},
    {file = "wrapt-1.14.1-cp310-cp310-manylinux_2_5_i686.manylinux1_i686.manylinux_2_17_i686.manylinux2014_i686.whl", hash = "sha256:2fe803deacd09a233e4762a1adcea5db5d31e6be577a43352936179d14d90069"},
    {file = "wrapt-1.14.1-cp310-cp310-manylinux_2_5_x86_64.manylinux1_x86_64.manylinux_2_17_x86_64.manylinux2014_x86_64.whl", hash = "sha256:257fd78c513e0fb5cdbe058c27a0624c9884e735bbd131935fd49e9fe719d310"},
    {file = "wrapt-1.14.1-cp310-cp310-musllinux_1_1_aarch64.whl", hash = "sha256:4fcc4649dc762cddacd193e6b55bc02edca674067f5f98166d7713b193932b7f"},
    {file = "wrapt-1.14.1-cp310-cp310-musllinux_1_1_i686.whl", hash = "sha256:11871514607b15cfeb87c547a49bca19fde402f32e2b1c24a632506c0a756656"},
    {file = "wrapt-1.14.1-cp310-cp310-musllinux_1_1_x86_64.whl", hash = "sha256:8ad85f7f4e20964db4daadcab70b47ab05c7c1cf2a7c1e51087bfaa83831854c"},
    {file = "wrapt-1.14.1-cp310-cp310-win32.whl", hash = "sha256:a9a52172be0b5aae932bef82a79ec0a0ce87288c7d132946d645eba03f0ad8a8"},
    {file = "wrapt-1.14.1-cp310-cp310-win_amd64.whl", hash = "sha256:6d323e1554b3d22cfc03cd3243b5bb815a51f5249fdcbb86fda4bf62bab9e164"},
    {file = "wrapt-1.14.1-cp35-cp35m-manylinux1_i686.whl", hash = "sha256:43ca3bbbe97af00f49efb06e352eae40434ca9d915906f77def219b88e85d907"},
    {file = "wrapt-1.14.1-cp35-cp35m-manylinux1_x86_64.whl", hash = "sha256:6b1a564e6cb69922c7fe3a678b9f9a3c54e72b469875aa8018f18b4d1dd1adf3"},
    {file = "wrapt-1.14.1-cp35-cp35m-manylinux2010_i686.whl", hash = "sha256:00b6d4ea20a906c0ca56d84f93065b398ab74b927a7a3dbd470f6fc503f95dc3"},
    {file = "wrapt-1.14.1-cp35-cp35m-manylinux2010_x86_64.whl", hash = "sha256:a85d2b46be66a71bedde836d9e41859879cc54a2a04fad1191eb50c2066f6e9d"},
    {file = "wrapt-1.14.1-cp35-cp35m-win32.whl", hash = "sha256:dbcda74c67263139358f4d188ae5faae95c30929281bc6866d00573783c422b7"},
    {file = "wrapt-1.14.1-cp35-cp35m-win_amd64.whl", hash = "sha256:b21bb4c09ffabfa0e85e3a6b623e19b80e7acd709b9f91452b8297ace2a8ab00"},
    {file = "wrapt-1.14.1-cp36-cp36m-macosx_10_9_x86_64.whl", hash = "sha256:9e0fd32e0148dd5dea6af5fee42beb949098564cc23211a88d799e434255a1f4"},
    {file = "wrapt-1.14.1-cp36-cp36m-manylinux_2_17_aarch64.manylinux2014_aarch64.whl", hash = "sha256:9736af4641846491aedb3c3f56b9bc5568d92b0692303b5a305301a95dfd38b1"},
    {file = "wrapt-1.14.1-cp36-cp36m-manylinux_2_5_i686.manylinux1_i686.manylinux_2_17_i686.manylinux2014_i686.whl", hash = "sha256:5b02d65b9ccf0ef6c34cba6cf5bf2aab1bb2f49c6090bafeecc9cd81ad4ea1c1"},
    {file = "wrapt-1.14.1-cp36-cp36m-manylinux_2_5_x86_64.manylinux1_x86_64.manylinux_2_17_x86_64.manylinux2014_x86_64.whl", hash = "sha256:21ac0156c4b089b330b7666db40feee30a5d52634cc4560e1905d6529a3897ff"},
    {file = "wrapt-1.14.1-cp36-cp36m-musllinux_1_1_aarch64.whl", hash = "sha256:9f3e6f9e05148ff90002b884fbc2a86bd303ae847e472f44ecc06c2cd2fcdb2d"},
    {file = "wrapt-1.14.1-cp36-cp36m-musllinux_1_1_i686.whl", hash = "sha256:6e743de5e9c3d1b7185870f480587b75b1cb604832e380d64f9504a0535912d1"},
    {file = "wrapt-1.14.1-cp36-cp36m-musllinux_1_1_x86_64.whl", hash = "sha256:d79d7d5dc8a32b7093e81e97dad755127ff77bcc899e845f41bf71747af0c569"},
    {file = "wrapt-1.14.1-cp36-cp36m-win32.whl", hash = "sha256:81b19725065dcb43df02b37e03278c011a09e49757287dca60c5aecdd5a0b8ed"},
    {file = "wrapt-1.14.1-cp36-cp36m-win_amd64.whl", hash = "sha256:b014c23646a467558be7da3d6b9fa409b2c567d2110599b7cf9a0c5992b3b471"},
    {file = "wrapt-1.14.1-cp37-cp37m-macosx_10_9_x86_64.whl", hash = "sha256:88bd7b6bd70a5b6803c1abf6bca012f7ed963e58c68d76ee20b9d751c74a3248"},
    {file = "wrapt-1.14.1-cp37-cp37m-manylinux_2_17_aarch64.manylinux2014_aarch64.whl", hash = "sha256:b5901a312f4d14c59918c221323068fad0540e34324925c8475263841dbdfe68"},
    {file = "wrapt-1.14.1-cp37-cp37m-manylinux_2_5_i686.manylinux1_i686.manylinux_2_17_i686.manylinux2014_i686.whl", hash = "sha256:d77c85fedff92cf788face9bfa3ebaa364448ebb1d765302e9af11bf449ca36d"},
    {file = "wrapt-1.14.1-cp37-cp37m-manylinux_2_5_x86_64.manylinux1_x86_64.manylinux_2_17_x86_64.manylinux2014_x86_64.whl", hash = "sha256:8d649d616e5c6a678b26d15ece345354f7c2286acd6db868e65fcc5ff7c24a77"},
    {file = "wrapt-1.14.1-cp37-cp37m-musllinux_1_1_aarch64.whl", hash = "sha256:7d2872609603cb35ca513d7404a94d6d608fc13211563571117046c9d2bcc3d7"},
    {file = "wrapt-1.14.1-cp37-cp37m-musllinux_1_1_i686.whl", hash = "sha256:ee6acae74a2b91865910eef5e7de37dc6895ad96fa23603d1d27ea69df545015"},
    {file = "wrapt-1.14.1-cp37-cp37m-musllinux_1_1_x86_64.whl", hash = "sha256:2b39d38039a1fdad98c87279b48bc5dce2c0ca0d73483b12cb72aa9609278e8a"},
    {file = "wrapt-1.14.1-cp37-cp37m-win32.whl", hash = "sha256:60db23fa423575eeb65ea430cee741acb7c26a1365d103f7b0f6ec412b893853"},
    {file = "wrapt-1.14.1-cp37-cp37m-win_amd64.whl", hash = "sha256:709fe01086a55cf79d20f741f39325018f4df051ef39fe921b1ebe780a66184c"},
    {file = "wrapt-1.14.1-cp38-cp38-macosx_10_9_x86_64.whl", hash = "sha256:8c0ce1e99116d5ab21355d8ebe53d9460366704ea38ae4d9f6933188f327b456"},
    {file = "wrapt-1.14.1-cp38-cp38-macosx_11_0_arm64.whl", hash = "sha256:e3fb1677c720409d5f671e39bac6c9e0e422584e5f518bfd50aa4cbbea02433f"},
    {file = "wrapt-1.14.1-cp38-cp38-manylinux_2_17_aarch64.manylinux2014_aarch64.whl", hash = "sha256:642c2e7a804fcf18c222e1060df25fc210b9c58db7c91416fb055897fc27e8cc"},
    {file = "wrapt-1.14.1-cp38-cp38-manylinux_2_5_i686.manylinux1_i686.manylinux_2_17_i686.manylinux2014_i686.whl", hash = "sha256:7b7c050ae976e286906dd3f26009e117eb000fb2cf3533398c5ad9ccc86867b1"},
    {file = "wrapt-1.14.1-cp38-cp38-manylinux_2_5_x86_64.manylinux1_x86_64.manylinux_2_17_x86_64.manylinux2014_x86_64.whl", hash = "sha256:ef3f72c9666bba2bab70d2a8b79f2c6d2c1a42a7f7e2b0ec83bb2f9e383950af"},
    {file = "wrapt-1.14.1-cp38-cp38-musllinux_1_1_aarch64.whl", hash = "sha256:01c205616a89d09827986bc4e859bcabd64f5a0662a7fe95e0d359424e0e071b"},
    {file = "wrapt-1.14.1-cp38-cp38-musllinux_1_1_i686.whl", hash = "sha256:5a0f54ce2c092aaf439813735584b9537cad479575a09892b8352fea5e988dc0"},
    {file = "wrapt-1.14.1-cp38-cp38-musllinux_1_1_x86_64.whl", hash = "sha256:2cf71233a0ed05ccdabe209c606fe0bac7379fdcf687f39b944420d2a09fdb57"},
    {file = "wrapt-1.14.1-cp38-cp38-win32.whl", hash = "sha256:aa31fdcc33fef9eb2552cbcbfee7773d5a6792c137b359e82879c101e98584c5"},
    {file = "wrapt-1.14.1-cp38-cp38-win_amd64.whl", hash = "sha256:d1967f46ea8f2db647c786e78d8cc7e4313dbd1b0aca360592d8027b8508e24d"},
    {file = "wrapt-1.14.1-cp39-cp39-macosx_10_9_x86_64.whl", hash = "sha256:3232822c7d98d23895ccc443bbdf57c7412c5a65996c30442ebe6ed3df335383"},
    {file = "wrapt-1.14.1-cp39-cp39-macosx_11_0_arm64.whl", hash = "sha256:988635d122aaf2bdcef9e795435662bcd65b02f4f4c1ae37fbee7401c440b3a7"},
    {file = "wrapt-1.14.1-cp39-cp39-manylinux_2_17_aarch64.manylinux2014_aarch64.whl", hash = "sha256:9cca3c2cdadb362116235fdbd411735de4328c61425b0aa9f872fd76d02c4e86"},
    {file = "wrapt-1.14.1-cp39-cp39-manylinux_2_5_i686.manylinux1_i686.manylinux_2_17_i686.manylinux2014_i686.whl", hash = "sha256:d52a25136894c63de15a35bc0bdc5adb4b0e173b9c0d07a2be9d3ca64a332735"},
    {file = "wrapt-1.14.1-cp39-cp39-manylinux_2_5_x86_64.manylinux1_x86_64.manylinux_2_17_x86_64.manylinux2014_x86_64.whl", hash = "sha256:40e7bc81c9e2b2734ea4bc1aceb8a8f0ceaac7c5299bc5d69e37c44d9081d43b"},
    {file = "wrapt-1.14.1-cp39-cp39-musllinux_1_1_aarch64.whl", hash = "sha256:b9b7a708dd92306328117d8c4b62e2194d00c365f18eff11a9b53c6f923b01e3"},
    {file = "wrapt-1.14.1-cp39-cp39-musllinux_1_1_i686.whl", hash = "sha256:6a9a25751acb379b466ff6be78a315e2b439d4c94c1e99cb7266d40a537995d3"},
    {file = "wrapt-1.14.1-cp39-cp39-musllinux_1_1_x86_64.whl", hash = "sha256:34aa51c45f28ba7f12accd624225e2b1e5a3a45206aa191f6f9aac931d9d56fe"},
    {file = "wrapt-1.14.1-cp39-cp39-win32.whl", hash = "sha256:dee0ce50c6a2dd9056c20db781e9c1cfd33e77d2d569f5d1d9321c641bb903d5"},
    {file = "wrapt-1.14.1-cp39-cp39-win_amd64.whl", hash = "sha256:dee60e1de1898bde3b238f18340eec6148986da0455d8ba7848d50470a7a32fb"},
    {file = "wrapt-1.14.1.tar.gz", hash = "sha256:380a85cf89e0e69b7cfbe2ea9f765f004ff419f34194018a6827ac0e3edfed4d"},
]
